
Microsoft Visual Studio Solution File, Format Version 12.00
Project("{FAE04EC0-301F-11D3-BF4B-00C04F79EFBC}") = "lokantaodeviii", "lokantaodeviii.csproj", "{B25C5E75-BA05-49BC-9FA9-8705BD11BACA}"
EndProject
Global
	GlobalSection(SolutionConfigurationPlatforms) = preSolution
		Debug|Any CPU = Debug|Any CPU
		Release|Any CPU = Release|Any CPU
	EndGlobalSection
	GlobalSection(ProjectConfigurationPlatforms) = postSolution
		{B25C5E75-BA05-49BC-9FA9-8705BD11BACA}.Debug|Any CPU.ActiveCfg = Debug|Any CPU
		{B25C5E75-BA05-49BC-9FA9-8705BD11BACA}.Debug|Any CPU.Build.0 = Debug|Any CPU
		{B25C5E75-BA05-49BC-9FA9-8705BD11BACA}.Release|Any CPU.ActiveCfg = Release|Any CPU
		{B25C5E75-BA05-49BC-9FA9-8705BD11BACA}.Release|Any CPU.Build.0 = Release|Any CPU
	EndGlobalSection
EndGlobal
